{
    "_readme": [
        "This file locks the dependencies of your project to a known state",
        "Read more about it at https://getcomposer.org/doc/01-basic-usage.md#composer-lock-the-lock-file",
        "This file is @generated automatically"
    ],
    "content-hash": "edf3537ce9286435da85eee1b835e623",
    "packages": [
        {
            "name": "haydenpierce/class-finder",
            "version": "0.4.2",
            "source": {
                "type": "git",
                "url": "https://gitlab.com/hpierce1102/ClassFinder.git",
                "reference": "b8393ea73d25010e3e946e317d0e8797c788cb20"
            },
            "dist": {
                "type": "zip",
                "url": "https://gitlab.com/api/v4/projects/hpierce1102%2FClassFinder/repository/archive.zip?sha=b8393ea73d25010e3e946e317d0e8797c788cb20",
                "reference": "b8393ea73d25010e3e946e317d0e8797c788cb20",
                "shasum": ""
            },
            "require": {
                "ext-json": "*",
                "php": ">=5.3"
            },
            "require-dev": {
                "mikey179/vfsstream": "^1.6",
                "phpunit/phpunit": "4.8.36"
            },
            "type": "library",
            "autoload": {
                "psr-4": {
                    "HaydenPierce\\ClassFinder\\": "src/",
                    "HaydenPierce\\ClassFinder\\UnitTest\\": "test/unit"
                }
            },
            "notification-url": "https://packagist.org/downloads/",
            "license": [
                "MIT"
            ],
            "authors": [
                {
                    "name": "Hayden Pierce",
                    "email": "hayden@haydenpierce.com"
                }
            ],
            "description": "A library that can provide of a list of classes in a given namespace",
            "time": "2020-04-20T17:38:50+00:00"
        }
    ],
    "packages-dev": [],
    "aliases": [],
    "minimum-stability": "dev",
    "stability-flags": [],
    "prefer-stable": false,
    "prefer-lowest": false,
    "platform": [],
    "platform-dev": []
}
